<Solution>
  <Folder Name="/src/">
    <Project Path="src/FBOutletConditionsHousekeeping.Core/FBOutletConditionsHousekeeping.Core.csproj" />
    <Project Path="src/FBOutletConditionsHousekeeping.Functions/FBOutletConditionsHousekeeping.Functions.csproj" />
  </Folder>
  <Folder Name="/tests/">
    <Project Path="tests/FBOutletConditionsHousekeeping.Core.Tests/FBOutletConditionsHousekeeping.Core.Tests.csproj" />
  </Folder>
</Solution>
